
Microsoft Visual Studio Solution File, Format Version 12.00
# Visual Studio 15
VisualStudioVersion = 15.0.27130.2036
MinimumVisualStudioVersion = 10.0.40219.1
Project("{8BC9CEB8-8B4A-11D0-8D11-00A0C91BC942}") = "Semestralka", "Semestralka\Semestralka.vcxproj", "{18056F6D-F3FC-424E-9CA5-25A4D9BD9218}"
EndProject
Global
	GlobalSection(SolutionConfigurationPlatforms) = preSolution
		Debug|x64 = Debug|x64
		Debug|x86 = Debug|x86
		Release|x64 = Release|x64
		Release|x86 = Release|x86
	EndGlobalSection
	GlobalSection(ProjectConfigurationPlatforms) = postSolution
		{18056F6D-F3FC-424E-9CA5-25A4D9BD9218}.Debug|x64.ActiveCfg = Debug|x64
		{18056F6D-F3FC-424E-9CA5-25A4D9BD9218}.Debug|x64.Build.0 = Debug|x64
		{18056F6D-F3FC-424E-9CA5-25A4D9BD9218}.Debug|x86.ActiveCfg = Debug|Win32
		{18056F6D-F3FC-424E-9CA5-25A4D9BD9218}.Debug|x86.Build.0 = Debug|Win32
		{18056F6D-F3FC-424E-9CA5-25A4D9BD9218}.Release|x64.ActiveCfg = Release|x64
		{18056F6D-F3FC-424E-9CA5-25A4D9BD9218}.Release|x64.Build.0 = Release|x64
		{18056F6D-F3FC-424E-9CA5-25A4D9BD9218}.Release|x86.ActiveCfg = Release|Win32
		{18056F6D-F3FC-424E-9CA5-25A4D9BD9218}.Release|x86.Build.0 = Release|Win32
	EndGlobalSection
	GlobalSection(SolutionProperties) = preSolution
		HideSolutionNode = FALSE
	EndGlobalSection
	GlobalSection(ExtensibilityGlobals) = postSolution
		SolutionGuid = {08BB862E-88E1-4C74-85EF-7A49303FB226}
	EndGlobalSection
EndGlobal
